<?xml version="1.0" encoding="utf-8"?>
<Project ToolsVersion="4.0" xmlns="http://schemas.microsoft.com/developer/msbuild/2003">
  <ItemGroup>
    <Filter Include="Input">
      <UniqueIdentifier>{51298f14-a432-4527-be34-5f44a6f0deb7}</UniqueIdentifier>
    </Filter>
    <Filter Include="Graphics">
      <UniqueIdentifier>{3f1a48cb-2918-413a-a449-804f48480b6d}</UniqueIdentifier>
    </Filter>
    <Filter Include="Headers">
      <UniqueIdentifier>{d598ad22-2b74-4cd5-a66f-50dfb3287906}</UniqueIdentifier>
    </Filter>
    <Filter Include="Source">
      <UniqueIdentifier>{399159b8-1955-4166-ab49-9e6fae1e3222}</UniqueIdentifier>
    </Filter>
    <Filter Include="Assets">
      <UniqueIdentifier>{1db9b687-8c5c-413d-8ef1-1aaecba420e9}</UniqueIdentifier>
    </Filter>
    <Filter Include="Camera">
      <UniqueIdentifier>{5feacc12-2199-4e1b-9f16-012764398233}</UniqueIdentifier>
    </Filter>
    <Filter Include="Rendering">
      <UniqueIdentifier>{0dd4bb5b-2096-4b77-b9a1-0eb59e646b0f}</UniqueIdentifier>
    </Filter>
    <Filter Include="World">
      <UniqueIdentifier>{6eac462f-a0ec-41dd-a76c-82c386d159a4}</UniqueIdentifier>
    </Filter>
    <Filter Include="ui">
      <UniqueIdentifier>{47f255ac-2218-472a-a321-659d3d0ac11d}</UniqueIdentifier>
    </Filter>
    <Filter Include="Commands">
      <UniqueIdentifier>{a38e5be1-e237-48a6-aefb-353c770f58d9}</UniqueIdentifier>
    </Filter>
    <Filter Include="Mobs">
      <UniqueIdentifier>{30328e50-3567-43f9-aa5a-891e1f3301bb}</UniqueIdentifier>
    </Filter>
    <Filter Include="Mobs\Base">
      <UniqueIdentifier>{03f9a119-6f28-4fe7-8359-3d195ab12421}</UniqueIdentifier>
    </Filter>
    <Filter Include="Overlay">
      <UniqueIdentifier>{4850d79b-5139-4413-8df1-79b272152523}</UniqueIdentifier>
    </Filter>
    <Filter Include="Mobs\Mobs">
      <UniqueIdentifier>{95c4b73c-ba71-41dc-a8d5-b6b937d123cd}</UniqueIdentifier>
    </Filter>
    <Filter Include="ui\ImGUI">
      <UniqueIdentifier>{56ffd82f-b77e-48cd-b717-a47ce6ecdf1f}</UniqueIdentifier>
    </Filter>
    <Filter Include="ui\GameGUI">
      <UniqueIdentifier>{91826383-88f3-43b1-9850-a71e6b444d34}</UniqueIdentifier>
    </Filter>
    <Filter Include="ui\GameGUI\Base">
      <UniqueIdentifier>{4d565356-51fc-48f8-bbc6-59495c7c38ac}</UniqueIdentifier>
    </Filter>
    <Filter Include="ui\GameGUI\Screens">
      <UniqueIdentifier>{71c884c1-e34a-4580-862a-365ca51f8ba7}</UniqueIdentifier>
    </Filter>
    <Filter Include="World\Chunks">
      <UniqueIdentifier>{b07604db-5807-4afe-a695-ae05afe2e5c0}</UniqueIdentifier>
    </Filter>
    <Filter Include="World\Blocks">
      <UniqueIdentifier>{6c8924ed-9a96-433f-a9aa-529bf0efa3d5}</UniqueIdentifier>
    </Filter>
    <Filter Include="World\Items">
      <UniqueIdentifier>{3754a0cd-9ceb-42b2-96ef-8d5e19cbf20d}</UniqueIdentifier>
    </Filter>
  </ItemGroup>
  <ItemGroup>
    <ClInclude Include="$(MSBuildThisFileDirectory)..\IInput.h">
      <Filter>Input</Filter>
    </ClInclude>
    <ClInclude Include="$(MSBuildThisFileDirectory)..\IGraphics.h">
      <Filter>Graphics</Filter>
    </ClInclude>
    <ClInclude Include="$(MSBuildThisFileDirectory)..\Input.h">
      <Filter>Headers</Filter>
    </ClInclude>
    <ClInclude Include="$(MSBuildThisFileDirectory)..\tiny_obj_loader.h">
      <Filter>Headers</Filter>
    </ClInclude>
    <ClInclude Include="$(MSBuildThisFileDirectory)Game.h" />
    <ClInclude Include="$(MSBuildThisFileDirectory)stb_image.h" />
    <ClInclude Include="$(MSBuildThisFileDirectory)Player.h" />
    <ClInclude Include="$(MSBuildThisFileDirectory)Camera.h">
      <Filter>Camera</Filter>
    </ClInclude>
    <ClInclude Include="$(MSBuildThisFileDirectory)Frustum.h">
      <Filter>Camera</Filter>
    </ClInclude>
    <ClInclude Include="$(MSBuildThisFileDirectory)Shader.h">
      <Filter>Rendering</Filter>
    </ClInclude>
    <ClInclude Include="$(MSBuildThisFileDirectory)Texture.h">
      <Filter>Rendering</Filter>
    </ClInclude>
    <ClInclude Include="$(MSBuildThisFileDirectory)Renderer.h">
      <Filter>Rendering</Filter>
    </ClInclude>
    <ClInclude Include="$(MSBuildThisFileDirectory)World.h">
      <Filter>World</Filter>
    </ClInclude>
    <ClInclude Include="$(MSBuildThisFileDirectory)CollisionSystem.h">
      <Filter>World</Filter>
    </ClInclude>
    <ClInclude Include="$(MSBuildThisFileDirectory)ICommand.h">
      <Filter>Commands</Filter>
    </ClInclude>
    <ClInclude Include="$(MSBuildThisFileDirectory)MobFactory.h">
      <Filter>Mobs</Filter>
    </ClInclude>
    <ClInclude Include="$(MSBuildThisFileDirectory)Mesh.h">
      <Filter>Rendering</Filter>
    </ClInclude>
    <ClInclude Include="$(MSBuildThisFileDirectory)MobBase.h">
      <Filter>Mobs\Base</Filter>
    </ClInclude>
    <ClInclude Include="$(MSBuildThisFileDirectory)Mobs.h">
      <Filter>Mobs\Base</Filter>
    </ClInclude>
    <ClInclude Include="$(MSBuildThisFileDirectory)OnBlock.h">
      <Filter>Overlay</Filter>
    </ClInclude>
    <ClInclude Include="$(MSBuildThisFileDirectory)Crosshair.h">
      <Filter>Overlay</Filter>
    </ClInclude>
    <ClInclude Include="$(MSBuildThisFileDirectory)Pig.h">
      <Filter>Mobs\Mobs</Filter>
    </ClInclude>
    <ClInclude Include="$(MSBuildThisFileDirectory)MobLoader.h" />
    <ClInclude Include="$(MSBuildThisFileDirectory)gui.h">
      <Filter>ui\ImGUI</Filter>
    </ClInclude>
    <ClInclude Include="$(MSBuildThisFileDirectory)BaseUI.h">
      <Filter>ui\GameGUI\Base</Filter>
    </ClInclude>
    <ClInclude Include="$(MSBuildThisFileDirectory)Renderer2D.h" />
    <ClInclude Include="$(MSBuildThisFileDirectory)UITypes.h">
      <Filter>ui\GameGUI\Base</Filter>
    </ClInclude>
    <ClInclude Include="$(MSBuildThisFileDirectory)InventoryScreen.h">
      <Filter>ui\GameGUI\Screens</Filter>
    </ClInclude>
    <ClInclude Include="$(MSBuildThisFileDirectory)PlayerGameInv.h">
      <Filter>ui\GameGUI\Screens</Filter>
    </ClInclude>
    <ClInclude Include="$(MSBuildThisFileDirectory)UIManager.h">
      <Filter>ui\GameGUI</Filter>
    </ClInclude>
    <ClInclude Include="$(MSBuildThisFileDirectory)Chunk.h">
      <Filter>World\Chunks</Filter>
    </ClInclude>
    <ClInclude Include="$(MSBuildThisFileDirectory)BlockType.h">
      <Filter>World\Blocks</Filter>
    </ClInclude>
    <ClInclude Include="$(MSBuildThisFileDirectory)BlockRegistery.h">
      <Filter>World\Blocks</Filter>
    </ClInclude>
    <ClInclude Include="$(MSBuildThisFileDirectory)ItemType.h">
      <Filter>World\Items</Filter>
    </ClInclude>
    <ClInclude Include="$(MSBuildThisFileDirectory)ItemRegistry.h">
      <Filter>World\Items</Filter>
    </ClInclude>
    <ClInclude Include="$(MSBuildThisFileDirectory)ChunkLoader.h" />
  </ItemGroup>
  <ItemGroup>
    <ClCompile Include="$(MSBuildThisFileDirectory)..\Input.cpp">
      <Filter>Input</Filter>
    </ClCompile>
    <ClCompile Include="$(MSBuildThisFileDirectory)Game.cpp" />
    <ClCompile Include="$(MSBuildThisFileDirectory)Player.cpp" />
    <ClCompile Include="$(MSBuildThisFileDirectory)Camera.cpp">
      <Filter>Camera</Filter>
    </ClCompile>
    <ClCompile Include="$(MSBuildThisFileDirectory)Frustum.cpp">
      <Filter>Camera</Filter>
    </ClCompile>
    <ClCompile Include="$(MSBuildThisFileDirectory)Shader.cpp">
      <Filter>Rendering</Filter>
    </ClCompile>
    <ClCompile Include="$(MSBuildThisFileDirectory)Texture.cpp">
      <Filter>Rendering</Filter>
    </ClCompile>
    <ClCompile Include="$(MSBuildThisFileDirectory)Renderer.cpp">
      <Filter>Rendering</Filter>
    </ClCompile>
    <ClCompile Include="$(MSBuildThisFileDirectory)World.cpp">
      <Filter>World</Filter>
    </ClCompile>
    <ClCompile Include="$(MSBuildThisFileDirectory)CollisionSystem.cpp">
      <Filter>World</Filter>
    </ClCompile>
    <ClCompile Include="$(MSBuildThisFileDirectory)ICommand.cpp">
      <Filter>Commands</Filter>
    </ClCompile>
    <ClCompile Include="$(MSBuildThisFileDirectory)MobFactory.cpp">
      <Filter>Mobs</Filter>
    </ClCompile>
    <ClCompile Include="$(MSBuildThisFileDirectory)MobBase.cpp">
      <Filter>Mobs\Base</Filter>
    </ClCompile>
    <ClCompile Include="$(MSBuildThisFileDirectory)Mobs.cpp">
      <Filter>Mobs\Base</Filter>
    </ClCompile>
    <ClCompile Include="$(MSBuildThisFileDirectory)OnBlock.cpp">
      <Filter>Overlay</Filter>
    </ClCompile>
    <ClCompile Include="$(MSBuildThisFileDirectory)Crosshair.cpp">
      <Filter>Overlay</Filter>
    </ClCompile>
    <ClCompile Include="$(MSBuildThisFileDirectory)Pig.cpp">
      <Filter>Mobs\Mobs</Filter>
    </ClCompile>
    <ClCompile Include="$(MSBuildThisFileDirectory)Mesh.cpp">
      <Filter>Rendering</Filter>
    </ClCompile>
    <ClCompile Include="$(MSBuildThisFileDirectory)InputManager.h">
      <Filter>Input</Filter>
    </ClCompile>
    <ClCompile Include="$(MSBuildThisFileDirectory)MobLoader.cpp" />
    <ClCompile Include="$(MSBuildThisFileDirectory)InputManager.cpp">
      <Filter>Input</Filter>
    </ClCompile>
    <ClCompile Include="$(MSBuildThisFileDirectory)gui.cpp">
      <Filter>ui\ImGUI</Filter>
    </ClCompile>
    <ClCompile Include="$(MSBuildThisFileDirectory)BaseUI.cpp">
      <Filter>ui\GameGUI\Base</Filter>
    </ClCompile>
    <ClCompile Include="$(MSBuildThisFileDirectory)UITypes.cpp">
      <Filter>ui\GameGUI\Base</Filter>
    </ClCompile>
    <ClCompile Include="$(MSBuildThisFileDirectory)Renderer2D.cpp">
      <Filter>Rendering</Filter>
    </ClCompile>
    <ClCompile Include="$(MSBuildThisFileDirectory)InventoryScreen.cpp">
      <Filter>ui\GameGUI\Screens</Filter>
    </ClCompile>
    <ClCompile Include="$(MSBuildThisFileDirectory)PlayerGameInv.cpp">
      <Filter>ui\GameGUI\Screens</Filter>
    </ClCompile>
    <ClCompile Include="$(MSBuildThisFileDirectory)UIManager.cpp">
      <Filter>ui\GameGUI</Filter>
    </ClCompile>
    <ClCompile Include="$(MSBuildThisFileDirectory)Chunk.cpp">
      <Filter>World\Chunks</Filter>
    </ClCompile>
    <ClCompile Include="$(MSBuildThisFileDirectory)ChunkLoader.cpp">
      <Filter>World\Chunks</Filter>
    </ClCompile>
    <ClCompile Include="$(MSBuildThisFileDirectory)BlockRegistery.cpp">
      <Filter>World\Blocks</Filter>
    </ClCompile>
    <ClCompile Include="$(MSBuildThisFileDirectory)ItemRegistry.cpp">
      <Filter>World\Items</Filter>
    </ClCompile>
  </ItemGroup>
  <ItemGroup>
    <None Include="$(MSBuildThisFileDirectory)..\Assets\Models\brian_01.mtl">
      <Filter>Assets</Filter>
    </None>
    <None Include="$(MSBuildThisFileDirectory)..\Assets\Models\brian_02.mtl">
      <Filter>Assets</Filter>
    </None>
    <None Include="$(MSBuildThisFileDirectory)..\Assets\Models\brian_03.mtl">
      <Filter>Assets</Filter>
    </None>
    <None Include="$(MSBuildThisFileDirectory)Assets\Basic.shader" />
    <None Include="$(MSBuildThisFileDirectory)Assets\basicpi.shader" />
    <None Include="$(MSBuildThisFileDirectory)Assets\OnBlock.shader" />
    <None Include="$(MSBuildThisFileDirectory)Assets\crosshair.shader" />
    <None Include="$(MSBuildThisFileDirectory)ui.shader" />
    <None Include="$(MSBuildThisFileDirectory)Assets\gui.shader" />
  </ItemGroup>
  <ItemGroup>
    <Object Include="$(MSBuildThisFileDirectory)..\Assets\Models\brian_02.obj">
      <Filter>Assets</Filter>
    </Object>
    <Object Include="$(MSBuildThisFileDirectory)..\Assets\Models\brian_03.obj">
      <Filter>Assets</Filter>
    </Object>
    <Object Include="$(MSBuildThisFileDirectory)..\Assets\Models\brian_01.obj">
      <Filter>Assets</Filter>
    </Object>
  </ItemGroup>
  <ItemGroup>
    <Image Include="$(MSBuildThisFileDirectory)..\Assets\Models\brian_01.png">
      <Filter>Assets</Filter>
    </Image>
    <Image Include="$(MSBuildThisFileDirectory)..\Assets\Models\brian_01_em.png">
      <Filter>Assets</Filter>
    </Image>
    <Image Include="$(MSBuildThisFileDirectory)..\Assets\Models\brian_02.png">
      <Filter>Assets</Filter>
    </Image>
    <Image Include="$(MSBuildThisFileDirectory)..\Assets\Models\brian_02_em.png">
      <Filter>Assets</Filter>
    </Image>
    <Image Include="$(MSBuildThisFileDirectory)..\Assets\Models\brian_03.png">
      <Filter>Assets</Filter>
    </Image>
    <Image Include="$(MSBuildThisFileDirectory)..\Assets\Models\brian_03_em.png">
      <Filter>Assets</Filter>
    </Image>
    <Image Include="$(MSBuildThisFileDirectory)..\Assets\Textures\Harvey2.jpg">
      <Filter>Assets</Filter>
    </Image>
    <Image Include="$(MSBuildThisFileDirectory)Assets\MinecraftTex.png" />
    <Image Include="$(MSBuildThisFileDirectory)Assets\GUI-Atlas.png" />
    <Image Include="$(MSBuildThisFileDirectory)Assets\basicWidget.png" />
    <Image Include="$(MSBuildThisFileDirectory)Assets\minecraftAtlas1.png" />
    <Image Include="$(MSBuildThisFileDirectory)Assets\minecraftAtlas.png" />
  </ItemGroup>
</Project>